// !$*UTF8*$!
{
	archiveVersion = 1;
	classes = {
	};
	objectVersion = 46;
	objects = {

/* Begin PBXBuildFile section */
		422F19081FA7ACE500B040F8 /* WeatherForecastCell.swift in Sources */ = {isa = PBXBuildFile; fileRef = 422F19071FA7ACE500B040F8 /* WeatherForecastCell.swift */; };
		422F190A1FA7B3C300B040F8 /* WeatherForecast.swift in Sources */ = {isa = PBXBuildFile; fileRef = 422F19091FA7B3C300B040F8 /* WeatherForecast.swift */; };
		4231935B1FA7815D009C08DE /* AppDelegate.swift in Sources */ = {isa = PBXBuildFile; fileRef = 4231935A1FA7815D009C08DE /* AppDelegate.swift */; };
		4231935D1FA7815D009C08DE /* MainVC.swift in Sources */ = {isa = PBXBuildFile; fileRef = 4231935C1FA7815D009C08DE /* MainVC.swift */; };
		423193601FA7815D009C08DE /* Main.storyboard in Resources */ = {isa = PBXBuildFile; fileRef = 4231935E1FA7815D009C08DE /* Main.storyboard */; };
		423193621FA7815D009C08DE /* Assets.xcassets in Resources */ = {isa = PBXBuildFile; fileRef = 423193611FA7815D009C08DE /* Assets.xcassets */; };
		423193651FA7815D009C08DE /* LaunchScreen.storyboard in Resources */ = {isa = PBXBuildFile; fileRef = 423193631FA7815D009C08DE /* LaunchScreen.storyboard */; };
		4231938E1FA783DC009C08DE /* Alamofire.framework in Frameworks */ = {isa = PBXBuildFile; fileRef = 423193781FA782AE009C08DE /* Alamofire.framework */; settings = {ATTRIBUTES = (Required, ); }; };
		4231938F1FA783DC009C08DE /* Alamofire.framework in Embed Frameworks */ = {isa = PBXBuildFile; fileRef = 423193781FA782AE009C08DE /* Alamofire.framework */; settings = {ATTRIBUTES = (CodeSignOnCopy, RemoveHeadersOnCopy, ); }; };
		423193971FA78EBD009C08DE /* Weather.swift in Sources */ = {isa = PBXBuildFile; fileRef = 423193961FA78EBD009C08DE /* Weather.swift */; };
		4231939A1FA78F67009C08DE /* Utils.swift in Sources */ = {isa = PBXBuildFile; fileRef = 423193991FA78F67009C08DE /* Utils.swift */; };
/* End PBXBuildFile section */

/* Begin PBXContainerItemProxy section */
		423193771FA782AE009C08DE /* PBXContainerItemProxy */ = {
			isa = PBXContainerItemProxy;
			containerPortal = 4231936C1FA782AE009C08DE /* Alamofire.xcodeproj */;
			proxyType = 2;
			remoteGlobalIDString = F8111E3319A95C8B0040E7D1;
			remoteInfo = "Alamofire iOS";
		};
		423193791FA782AE009C08DE /* PBXContainerItemProxy */ = {
			isa = PBXContainerItemProxy;
			containerPortal = 4231936C1FA782AE009C08DE /* Alamofire.xcodeproj */;
			proxyType = 2;
			remoteGlobalIDString = F8111E3E19A95C8B0040E7D1;
			remoteInfo = "Alamofire iOS Tests";
		};
		4231937B1FA782AE009C08DE /* PBXContainerItemProxy */ = {
			isa = PBXContainerItemProxy;
			containerPortal = 4231936C1FA782AE009C08DE /* Alamofire.xcodeproj */;
			proxyType = 2;
			remoteGlobalIDString = 4DD67C0B1A5C55C900ED2280;
			remoteInfo = "Alamofire macOS";
		};
		4231937D1FA782AE009C08DE /* PBXContainerItemProxy */ = {
			isa = PBXContainerItemProxy;
			containerPortal = 4231936C1FA782AE009C08DE /* Alamofire.xcodeproj */;
			proxyType = 2;
			remoteGlobalIDString = F829C6B21A7A94F100A2CD59;
			remoteInfo = "Alamofire macOS Tests";
		};
		4231937F1FA782AE009C08DE /* PBXContainerItemProxy */ = {
			isa = PBXContainerItemProxy;
			containerPortal = 4231936C1FA782AE009C08DE /* Alamofire.xcodeproj */;
			proxyType = 2;
			remoteGlobalIDString = 4CF626EF1BA7CB3E0011A099;
			remoteInfo = "Alamofire tvOS";
		};
		423193811FA782AE009C08DE /* PBXContainerItemProxy */ = {
			isa = PBXContainerItemProxy;
			containerPortal = 4231936C1FA782AE009C08DE /* Alamofire.xcodeproj */;
			proxyType = 2;
			remoteGlobalIDString = 4CF626F81BA7CB3E0011A099;
			remoteInfo = "Alamofire tvOS Tests";
		};
		423193831FA782AE009C08DE /* PBXContainerItemProxy */ = {
			isa = PBXContainerItemProxy;
			containerPortal = 4231936C1FA782AE009C08DE /* Alamofire.xcodeproj */;
			proxyType = 2;
			remoteGlobalIDString = E4202FE01B667AA100C997FB;
			remoteInfo = "Alamofire watchOS";
		};
		423193901FA783DC009C08DE /* PBXContainerItemProxy */ = {
			isa = PBXContainerItemProxy;
			containerPortal = 4231936C1FA782AE009C08DE /* Alamofire.xcodeproj */;
			proxyType = 1;
			remoteGlobalIDString = F8111E3219A95C8B0040E7D1;
			remoteInfo = "Alamofire iOS";
		};
/* End PBXContainerItemProxy section */

/* Begin PBXCopyFilesBuildPhase section */
		423193921FA783DC009C08DE /* Embed Frameworks */ = {
			isa = PBXCopyFilesBuildPhase;
			buildActionMask = 2147483647;
			dstPath = "";
			dstSubfolderSpec = 10;
			files = (
				4231938F1FA783DC009C08DE /* Alamofire.framework in Embed Frameworks */,
			);
			name = "Embed Frameworks";
			runOnlyForDeploymentPostprocessing = 0;
		};
/* End PBXCopyFilesBuildPhase section */

/* Begin PBXFileReference section */
		422F19071FA7ACE500B040F8 /* WeatherForecastCell.swift */ = {isa = PBXFileReference; fileEncoding = 4; lastKnownFileType = sourcecode.swift; path = WeatherForecastCell.swift; sourceTree = "<group>"; };
		422F19091FA7B3C300B040F8 /* WeatherForecast.swift */ = {isa = PBXFileReference; fileEncoding = 4; lastKnownFileType = sourcecode.swift; path = WeatherForecast.swift; sourceTree = "<group>"; };
		423193571FA7815D009C08DE /* Weather App.app */ = {isa = PBXFileReference; explicitFileType = wrapper.application; includeInIndex = 0; path = "Weather App.app"; sourceTree = BUILT_PRODUCTS_DIR; };
		4231935A1FA7815D009C08DE /* AppDelegate.swift */ = {isa = PBXFileReference; lastKnownFileType = sourcecode.swift; path = AppDelegate.swift; sourceTree = "<group>"; };
		4231935C1FA7815D009C08DE /* MainVC.swift */ = {isa = PBXFileReference; lastKnownFileType = sourcecode.swift; path = MainVC.swift; sourceTree = "<group>"; };
		4231935F1FA7815D009C08DE /* Base */ = {isa = PBXFileReference; lastKnownFileType = file.storyboard; name = Base; path = Base.lproj/Main.storyboard; sourceTree = "<group>"; };
		423193611FA7815D009C08DE /* Assets.xcassets */ = {isa = PBXFileReference; lastKnownFileType = folder.assetcatalog; path = Assets.xcassets; sourceTree = "<group>"; };
		423193641FA7815D009C08DE /* Base */ = {isa = PBXFileReference; lastKnownFileType = file.storyboard; name = Base; path = Base.lproj/LaunchScreen.storyboard; sourceTree = "<group>"; };
		423193661FA7815D009C08DE /* Info.plist */ = {isa = PBXFileReference; lastKnownFileType = text.plist.xml; path = Info.plist; sourceTree = "<group>"; };
		4231936C1FA782AE009C08DE /* Alamofire.xcodeproj */ = {isa = PBXFileReference; lastKnownFileType = "wrapper.pb-project"; name = Alamofire.xcodeproj; path = Alamofire/Alamofire.xcodeproj; sourceTree = "<group>"; };
		423193961FA78EBD009C08DE /* Weather.swift */ = {isa = PBXFileReference; fileEncoding = 4; lastKnownFileType = sourcecode.swift; path = Weather.swift; sourceTree = "<group>"; };
		423193991FA78F67009C08DE /* Utils.swift */ = {isa = PBXFileReference; fileEncoding = 4; lastKnownFileType = sourcecode.swift; path = Utils.swift; sourceTree = "<group>"; };
/* End PBXFileReference section */

/* Begin PBXFrameworksBuildPhase section */
		423193541FA7815D009C08DE /* Frameworks */ = {
			isa = PBXFrameworksBuildPhase;
			buildActionMask = 2147483647;
			files = (
				4231938E1FA783DC009C08DE /* Alamofire.framework in Frameworks */,
			);
			runOnlyForDeploymentPostprocessing = 0;
		};
/* End PBXFrameworksBuildPhase section */

/* Begin PBXGroup section */
		4231934E1FA7815D009C08DE = {
			isa = PBXGroup;
			children = (
				4231936C1FA782AE009C08DE /* Alamofire.xcodeproj */,
				423193591FA7815D009C08DE /* Weather App */,
				423193581FA7815D009C08DE /* Products */,
			);
			sourceTree = "<group>";
		};
		423193581FA7815D009C08DE /* Products */ = {
			isa = PBXGroup;
			children = (
				423193571FA7815D009C08DE /* Weather App.app */,
			);
			name = Products;
			sourceTree = "<group>";
		};
		423193591FA7815D009C08DE /* Weather App */ = {
			isa = PBXGroup;
			children = (
				423193931FA78541009C08DE /* Model */,
				423193941FA78546009C08DE /* View */,
				423193951FA7854A009C08DE /* Controller */,
				423193981FA78F52009C08DE /* Utilities */,
				4231935A1FA7815D009C08DE /* AppDelegate.swift */,
				4231935E1FA7815D009C08DE /* Main.storyboard */,
				423193611FA7815D009C08DE /* Assets.xcassets */,
				423193631FA7815D009C08DE /* LaunchScreen.storyboard */,
				423193661FA7815D009C08DE /* Info.plist */,
			);
			path = "Weather App";
			sourceTree = "<group>";
		};
		4231936D1FA782AE009C08DE /* Products */ = {
			isa = PBXGroup;
			children = (
				423193781FA782AE009C08DE /* Alamofire.framework */,
				4231937A1FA782AE009C08DE /* Alamofire iOS Tests.xctest */,
				4231937C1FA782AE009C08DE /* Alamofire.framework */,
				4231937E1FA782AE009C08DE /* Alamofire macOS Tests.xctest */,
				423193801FA782AE009C08DE /* Alamofire.framework */,
				423193821FA782AE009C08DE /* Alamofire tvOS Tests.xctest */,
				423193841FA782AE009C08DE /* Alamofire.framework */,
			);
			name = Products;
			sourceTree = "<group>";
		};
		423193931FA78541009C08DE /* Model */ = {
			isa = PBXGroup;
			children = (
				423193961FA78EBD009C08DE /* Weather.swift */,
				422F19091FA7B3C300B040F8 /* WeatherForecast.swift */,
			);
			name = Model;
			sourceTree = "<group>";
		};
		423193941FA78546009C08DE /* View */ = {
			isa = PBXGroup;
			children = (
				422F19071FA7ACE500B040F8 /* WeatherForecastCell.swift */,
			);
			name = View;
			sourceTree = "<group>";
		};
		423193951FA7854A009C08DE /* Controller */ = {
			isa = PBXGroup;
			children = (
				4231935C1FA7815D009C08DE /* MainVC.swift */,
			);
			name = Controller;
			sourceTree = "<group>";
		};
		423193981FA78F52009C08DE /* Utilities */ = {
			isa = PBXGroup;
			children = (
				423193991FA78F67009C08DE /* Utils.swift */,
			);
			name = Utilities;
			sourceTree = "<group>";
		};
/* End PBXGroup section */

/* Begin PBXNativeTarget section */
		423193561FA7815D009C08DE /* Weather App */ = {
			isa = PBXNativeTarget;
			buildConfigurationList = 423193691FA7815D009C08DE /* Build configuration list for PBXNativeTarget "Weather App" */;
			buildPhases = (
				423193531FA7815D009C08DE /* Sources */,
				423193541FA7815D009C08DE /* Frameworks */,
				423193551FA7815D009C08DE /* Resources */,
				423193921FA783DC009C08DE /* Embed Frameworks */,
			);
			buildRules = (
			);
			dependencies = (
				423193911FA783DC009C08DE /* PBXTargetDependency */,
			);
			name = "Weather App";
			productName = "Weather App";
			productReference = 423193571FA7815D009C08DE /* Weather App.app */;
			productType = "com.apple.product-type.application";
		};
/* End PBXNativeTarget section */

/* Begin PBXProject section */
		4231934F1FA7815D009C08DE /* Project object */ = {
			isa = PBXProject;
			attributes = {
				LastSwiftUpdateCheck = 0800;
				LastUpgradeCheck = 0800;
				ORGANIZATIONNAME = "Osama Mac";
				TargetAttributes = {
					423193561FA7815D009C08DE = {
						CreatedOnToolsVersion = 8.0;
						ProvisioningStyle = Automatic;
					};
				};
			};
			buildConfigurationList = 423193521FA7815D009C08DE /* Build configuration list for PBXProject "Weather App" */;
			compatibilityVersion = "Xcode 3.2";
			developmentRegion = English;
			hasScannedForEncodings = 0;
			knownRegions = (
				en,
				Base,
			);
			mainGroup = 4231934E1FA7815D009C08DE;
			productRefGroup = 423193581FA7815D009C08DE /* Products */;
			projectDirPath = "";
			projectReferences = (
				{
					ProductGroup = 4231936D1FA782AE009C08DE /* Products */;
					ProjectRef = 4231936C1FA782AE009C08DE /* Alamofire.xcodeproj */;
				},
			);
			projectRoot = "";
			targets = (
				423193561FA7815D009C08DE /* Weather App */,
			);
		};
/* End PBXProject section */

/* Begin PBXReferenceProxy section */
		423193781FA782AE009C08DE /* Alamofire.framework */ = {
			isa = PBXReferenceProxy;
			fileType = wrapper.framework;
			path = Alamofire.framework;
			remoteRef = 423193771FA782AE009C08DE /* PBXContainerItemProxy */;
			sourceTree = BUILT_PRODUCTS_DIR;
		};
		4231937A1FA782AE009C08DE /* Alamofire iOS Tests.xctest */ = {
			isa = PBXReferenceProxy;
			fileType = wrapper.cfbundle;
			path = "Alamofire iOS Tests.xctest";
			remoteRef = 423193791FA782AE009C08DE /* PBXContainerItemProxy */;
			sourceTree = BUILT_PRODUCTS_DIR;
		};
		4231937C1FA782AE009C08DE /* Alamofire.framework */ = {
			isa = PBXReferenceProxy;
			fileType = wrapper.framework;
			path = Alamofire.framework;
			remoteRef = 4231937B1FA782AE009C08DE /* PBXContainerItemProxy */;
			sourceTree = BUILT_PRODUCTS_DIR;
		};
		4231937E1FA782AE009C08DE /* Alamofire macOS Tests.xctest */ = {
			isa = PBXReferenceProxy;
			fileType = wrapper.cfbundle;
			path = "Alamofire macOS Tests.xctest";
			remoteRef = 4231937D1FA782AE009C08DE /* PBXContainerItemProxy */;
			sourceTree = BUILT_PRODUCTS_DIR;
		};
		423193801FA782AE009C08DE /* Alamofire.framework */ = {
			isa = PBXReferenceProxy;
			fileType = wrapper.framework;
			path = Alamofire.framework;
			remoteRef = 4231937F1FA782AE009C08DE /* PBXContainerItemProxy */;
			sourceTree = BUILT_PRODUCTS_DIR;
		};
		423193821FA782AE009C08DE /* Alamofire tvOS Tests.xctest */ = {
			isa = PBXReferenceProxy;
			fileType = wrapper.cfbundle;
			path = "Alamofire tvOS Tests.xctest";
			remoteRef = 423193811FA782AE009C08DE /* PBXContainerItemProxy */;
			sourceTree = BUILT_PRODUCTS_DIR;
		};
		423193841FA782AE009C08DE /* Alamofire.framework */ = {
			isa = PBXReferenceProxy;
			fileType = wrapper.framework;
			path = Alamofire.framework;
			remoteRef = 423193831FA782AE009C08DE /* PBXContainerItemProxy */;
			sourceTree = BUILT_PRODUCTS_DIR;
		};
/* End PBXReferenceProxy section */

/* Begin PBXResourcesBuildPhase section */
		423193551FA7815D009C08DE /* Resources */ = {
			isa = PBXResourcesBuildPhase;
			buildActionMask = 2147483647;
			files = (
				423193651FA7815D009C08DE /* LaunchScreen.storyboard in Resources */,
				423193621FA7815D009C08DE /* Assets.xcassets in Resources */,
				423193601FA7815D009C08DE /* Main.storyboard in Resources */,
			);
			runOnlyForDeploymentPostprocessing = 0;
		};
/* End PBXResourcesBuildPhase section */

/* Begin PBXSourcesBuildPhase section */
		423193531FA7815D009C08DE /* Sources */ = {
			isa = PBXSourcesBuildPhase;
			buildActionMask = 2147483647;
			files = (
				4231935D1FA7815D009C08DE /* MainVC.swift in Sources */,
				423193971FA78EBD009C08DE /* Weather.swift in Sources */,
				422F19081FA7ACE500B040F8 /* WeatherForecastCell.swift in Sources */,
				422F190A1FA7B3C300B040F8 /* WeatherForecast.swift in Sources */,
				4231935B1FA7815D009C08DE /* AppDelegate.swift in Sources */,
				4231939A1FA78F67009C08DE /* Utils.swift in Sources */,
			);
			runOnlyForDeploymentPostprocessing = 0;
		};
/* End PBXSourcesBuildPhase section */

/* Begin PBXTargetDependency section */
		423193911FA783DC009C08DE /* PBXTargetDependency */ = {
			isa = PBXTargetDependency;
			name = "Alamofire iOS";
			targetProxy = 423193901FA783DC009C08DE /* PBXContainerItemProxy */;
		};
/* End PBXTargetDependency section */

/* Begin PBXVariantGroup section */
		4231935E1FA7815D009C08DE /* Main.storyboard */ = {
			isa = PBXVariantGroup;
			children = (
				4231935F1FA7815D009C08DE /* Base */,
			);
			name = Main.storyboard;
			sourceTree = "<group>";
		};
		423193631FA7815D009C08DE /* LaunchScreen.storyboard */ = {
			isa = PBXVariantGroup;
			children = (
				423193641FA7815D009C08DE /* Base */,
			);
			name = LaunchScreen.storyboard;
			sourceTree = "<group>";
		};
/* End PBXVariantGroup section */

/* Begin XCBuildConfiguration section */
		423193671FA7815D009C08DE /* Debug */ = {
			isa = XCBuildConfiguration;
			buildSettings = {
				ALWAYS_SEARCH_USER_PATHS = NO;
				CLANG_ANALYZER_NONNULL = YES;
				CLANG_CXX_LANGUAGE_STANDARD = "gnu++0x";
				CLANG_CXX_LIBRARY = "libc++";
				CLANG_ENABLE_MODULES = YES;
				CLANG_ENABLE_OBJC_ARC = YES;
				CLANG_WARN_BOOL_CONVERSION = YES;
				CLANG_WARN_CONSTANT_CONVERSION = YES;
				CLANG_WARN_DIRECT_OBJC_ISA_USAGE = YES_ERROR;
				CLANG_WARN_DOCUMENTATION_COMMENTS = YES;
				CLANG_WARN_EMPTY_BODY = YES;
				CLANG_WARN_ENUM_CONVERSION = YES;
				CLANG_WARN_INFINITE_RECURSION = YES;
				CLANG_WARN_INT_CONVERSION = YES;
				CLANG_WARN_OBJC_ROOT_CLASS = YES_ERROR;
				CLANG_WARN_SUSPICIOUS_MOVES = YES;
				CLANG_WARN_UNREACHABLE_CODE = YES;
				CLANG_WARN__DUPLICATE_METHOD_MATCH = YES;
				"CODE_SIGN_IDENTITY[sdk=iphoneos*]" = "iPhone Developer";
				COPY_PHASE_STRIP = NO;
				DEBUG_INFORMATION_FORMAT = dwarf;
				ENABLE_STRICT_OBJC_MSGSEND = YES;
				ENABLE_TESTABILITY = YES;
				GCC_C_LANGUAGE_STANDARD = gnu99;
				GCC_DYNAMIC_NO_PIC = NO;
				GCC_NO_COMMON_BLOCKS = YES;
				GCC_OPTIMIZATION_LEVEL = 0;
				GCC_PREPROCESSOR_DEFINITIONS = (
					"DEBUG=1",
					"$(inherited)",
				);
				GCC_WARN_64_TO_32_BIT_CONVERSION = YES;
				GCC_WARN_ABOUT_RETURN_TYPE = YES_ERROR;
				GCC_WARN_UNDECLARED_SELECTOR = YES;
				GCC_WARN_UNINITIALIZED_AUTOS = YES_AGGRESSIVE;
				GCC_WARN_UNUSED_FUNCTION = YES;
				GCC_WARN_UNUSED_VARIABLE = YES;
				IPHONEOS_DEPLOYMENT_TARGET = 10.0;
				MTL_ENABLE_DEBUG_INFO = YES;
				ONLY_ACTIVE_ARCH = YES;
				SDKROOT = iphoneos;
				SWIFT_ACTIVE_COMPILATION_CONDITIONS = DEBUG;
				SWIFT_OPTIMIZATION_LEVEL = "-Onone";
			};
			name = Debug;
		};
		423193681FA7815D009C08DE /* Release */ = {
			isa = XCBuildConfiguration;
			buildSettings = {
				ALWAYS_SEARCH_USER_PATHS = NO;
				CLANG_ANALYZER_NONNULL = YES;
				CLANG_CXX_LANGUAGE_STANDARD = "gnu++0x";
				CLANG_CXX_LIBRARY = "libc++";
				CLANG_ENABLE_MODULES = YES;
				CLANG_ENABLE_OBJC_ARC = YES;
				CLANG_WARN_BOOL_CONVERSION = YES;
				CLANG_WARN_CONSTANT_CONVERSION = YES;
				CLANG_WARN_DIRECT_OBJC_ISA_USAGE = YES_ERROR;
				CLANG_WARN_DOCUMENTATION_COMMENTS = YES;
				CLANG_WARN_EMPTY_BODY = YES;
				CLANG_WARN_ENUM_CONVERSION = YES;
				CLANG_WARN_INFINITE_RECURSION = YES;
				CLANG_WARN_INT_CONVERSION = YES;
				CLANG_WARN_OBJC_ROOT_CLASS = YES_ERROR;
				CLANG_WARN_SUSPICIOUS_MOVES = YES;
				CLANG_WARN_UNREACHABLE_CODE = YES;
				CLANG_WARN__DUPLICATE_METHOD_MATCH = YES;
				"CODE_SIGN_IDENTITY[sdk=iphoneos*]" = "iPhone Developer";
				COPY_PHASE_STRIP = NO;
				DEBUG_INFORMATION_FORMAT = "dwarf-with-dsym";
				ENABLE_NS_ASSERTIONS = NO;
				ENABLE_STRICT_OBJC_MSGSEND = YES;
				GCC_C_LANGUAGE_STANDARD = gnu99;
				GCC_NO_COMMON_BLOCKS = YES;
				GCC_WARN_64_TO_32_BIT_CONVERSION = YES;
				GCC_WARN_ABOUT_RETURN_TYPE = YES_ERROR;
				GCC_WARN_UNDECLARED_SELECTOR = YES;
				GCC_WARN_UNINITIALIZED_AUTOS = YES_AGGRESSIVE;
				GCC_WARN_UNUSED_FUNCTION = YES;
				GCC_WARN_UNUSED_VARIABLE = YES;
				IPHONEOS_DEPLOYMENT_TARGET = 10.0;
				MTL_ENABLE_DEBUG_INFO = NO;
				SDKROOT = iphoneos;
				SWIFT_OPTIMIZATION_LEVEL = "-Owholemodule";
				VALIDATE_PRODUCT = YES;
			};
			name = Release;
		};
		4231936A1FA7815D009C08DE /* Debug */ = {
			isa = XCBuildConfiguration;
			buildSettings = {
				ALWAYS_EMBED_SWIFT_STANDARD_LIBRARIES = YES;
				ASSETCATALOG_COMPILER_APPICON_NAME = AppIcon;
				INFOPLIST_FILE = "Weather App/Info.plist";
				IPHONEOS_DEPLOYMENT_TARGET = 10.0;
				LD_RUNPATH_SEARCH_PATHS = "$(inherited) @executable_path/Frameworks";
				PRODUCT_BUNDLE_IDENTIFIER = "ned.osama.Weather-App";
				PRODUCT_NAME = "$(TARGET_NAME)";
				SWIFT_VERSION = 3.0;
			};
			name = Debug;
		};
		4231936B1FA7815D009C08DE /* Release */ = {
			isa = XCBuildConfiguration;
			buildSettings = {
				ALWAYS_EMBED_SWIFT_STANDARD_LIBRARIES = YES;
				ASSETCATALOG_COMPILER_APPICON_NAME = AppIcon;
				INFOPLIST_FILE = "Weather App/Info.plist";
				IPHONEOS_DEPLOYMENT_TARGET = 10.0;
				LD_RUNPATH_SEARCH_PATHS = "$(inherited) @executable_path/Frameworks";
				PRODUCT_BUNDLE_IDENTIFIER = "ned.osama.Weather-App";
				PRODUCT_NAME = "$(TARGET_NAME)";
				SWIFT_VERSION = 3.0;
			};
			name = Release;
		};
/* End XCBuildConfiguration section */

/* Begin XCConfigurationList section */
		423193521FA7815D009C08DE /* Build configuration list for PBXProject "Weather App" */ = {
			isa = XCConfigurationList;
			buildConfigurations = (
				423193671FA7815D009C08DE /* Debug */,
				423193681FA7815D009C08DE /* Release */,
			);
			defaultConfigurationIsVisible = 0;
			defaultConfigurationName = Release;
		};
		423193691FA7815D009C08DE /* Build configuration list for PBXNativeTarget "Weather App" */ = {
			isa = XCConfigurationList;
			buildConfigurations = (
				4231936A1FA7815D009C08DE /* Debug */,
				4231936B1FA7815D009C08DE /* Release */,
			);
			defaultConfigurationIsVisible = 0;
			defaultConfigurationName = Release;
		};
/* End XCConfigurationList section */
	};
	rootObject = 4231934F1FA7815D009C08DE /* Project object */;
}
